// !$*UTF8*$!
{
	archiveVersion = 1;
	classes = {
	};
	objectVersion = 46;
	objects = {

/* Begin PBXBuildFile section */
		3E88EF851E786C4D00201C55 /* CoreLocation.framework in Frameworks */ = {isa = PBXBuildFile; fileRef = 3E88EF841E786C4D00201C55 /* CoreLocation.framework */; };
		3EA55D921E77336A007DCD59 /* AppDelegate.swift in Sources */ = {isa = PBXBuildFile; fileRef = 3EA55D911E77336A007DCD59 /* AppDelegate.swift */; };
		3EA55D941E77336A007DCD59 /* ViewController.swift in Sources */ = {isa = PBXBuildFile; fileRef = 3EA55D931E77336A007DCD59 /* ViewController.swift */; };
		3EA55D971E77336A007DCD59 /* Main.storyboard in Resources */ = {isa = PBXBuildFile; fileRef = 3EA55D951E77336A007DCD59 /* Main.storyboard */; };
		3EA55D991E77336A007DCD59 /* Assets.xcassets in Resources */ = {isa = PBXBuildFile; fileRef = 3EA55D981E77336A007DCD59 /* Assets.xcassets */; };
		3EA55D9C1E77336A007DCD59 /* LaunchScreen.storyboard in Resources */ = {isa = PBXBuildFile; fileRef = 3EA55D9A1E77336A007DCD59 /* LaunchScreen.storyboard */; };
		3EA55DA61E773664007DCD59 /* PlacesViewController.swift in Sources */ = {isa = PBXBuildFile; fileRef = 3EA55DA51E773664007DCD59 /* PlacesViewController.swift */; };
/* End PBXBuildFile section */

/* Begin PBXFileReference section */
		3E88EF841E786C4D00201C55 /* CoreLocation.framework */ = {isa = PBXFileReference; lastKnownFileType = wrapper.framework; name = CoreLocation.framework; path = System/Library/Frameworks/CoreLocation.framework; sourceTree = SDKROOT; };
		3EA55D8E1E77336A007DCD59 /* Memorable Places.app */ = {isa = PBXFileReference; explicitFileType = wrapper.application; includeInIndex = 0; path = "Memorable Places.app"; sourceTree = BUILT_PRODUCTS_DIR; };
		3EA55D911E77336A007DCD59 /* AppDelegate.swift */ = {isa = PBXFileReference; lastKnownFileType = sourcecode.swift; path = AppDelegate.swift; sourceTree = "<group>"; };
		3EA55D931E77336A007DCD59 /* ViewController.swift */ = {isa = PBXFileReference; lastKnownFileType = sourcecode.swift; path = ViewController.swift; sourceTree = "<group>"; };
		3EA55D961E77336A007DCD59 /* Base */ = {isa = PBXFileReference; lastKnownFileType = file.storyboard; name = Base; path = Base.lproj/Main.storyboard; sourceTree = "<group>"; };
		3EA55D981E77336A007DCD59 /* Assets.xcassets */ = {isa = PBXFileReference; lastKnownFileType = folder.assetcatalog; path = Assets.xcassets; sourceTree = "<group>"; };
		3EA55D9B1E77336A007DCD59 /* Base */ = {isa = PBXFileReference; lastKnownFileType = file.storyboard; name = Base; path = Base.lproj/LaunchScreen.storyboard; sourceTree = "<group>"; };
		3EA55D9D1E77336A007DCD59 /* Info.plist */ = {isa = PBXFileReference; lastKnownFileType = text.plist.xml; path = Info.plist; sourceTree = "<group>"; };
		3EA55DA51E773664007DCD59 /* PlacesViewController.swift */ = {isa = PBXFileReference; fileEncoding = 4; lastKnownFileType = sourcecode.swift; path = PlacesViewController.swift; sourceTree = "<group>"; };
/* End PBXFileReference section */

/* Begin PBXFrameworksBuildPhase section */
		3EA55D8B1E77336A007DCD59 /* Frameworks */ = {
			isa = PBXFrameworksBuildPhase;
			buildActionMask = 2147483647;
			files = (
				3E88EF851E786C4D00201C55 /* CoreLocation.framework in Frameworks */,
			);
			runOnlyForDeploymentPostprocessing = 0;
		};
/* End PBXFrameworksBuildPhase section */

/* Begin PBXGroup section */
		3E88EF831E786C4D00201C55 /* Frameworks */ = {
			isa = PBXGroup;
			children = (
				3E88EF841E786C4D00201C55 /* CoreLocation.framework */,
			);
			name = Frameworks;
			sourceTree = "<group>";
		};
		3EA55D851E77336A007DCD59 = {
			isa = PBXGroup;
			children = (
				3EA55D901E77336A007DCD59 /* Memorable Places */,
				3EA55D8F1E77336A007DCD59 /* Products */,
				3E88EF831E786C4D00201C55 /* Frameworks */,
			);
			sourceTree = "<group>";
		};
		3EA55D8F1E77336A007DCD59 /* Products */ = {
			isa = PBXGroup;
			children = (
				3EA55D8E1E77336A007DCD59 /* Memorable Places.app */,
			);
			name = Products;
			sourceTree = "<group>";
		};
		3EA55D901E77336A007DCD59 /* Memorable Places */ = {
			isa = PBXGroup;
			children = (
				3EA55DA51E773664007DCD59 /* PlacesViewController.swift */,
				3EA55D931E77336A007DCD59 /* ViewController.swift */,
				3EA55D951E77336A007DCD59 /* Main.storyboard */,
				3EA55DA71E77367A007DCD59 /* Supporting Files */,
			);
			path = "Memorable Places";
			sourceTree = "<group>";
		};
		3EA55DA71E77367A007DCD59 /* Supporting Files */ = {
			isa = PBXGroup;
			children = (
				3EA55D911E77336A007DCD59 /* AppDelegate.swift */,
				3EA55D981E77336A007DCD59 /* Assets.xcassets */,
				3EA55D9A1E77336A007DCD59 /* LaunchScreen.storyboard */,
				3EA55D9D1E77336A007DCD59 /* Info.plist */,
			);
			name = "Supporting Files";
			sourceTree = "<group>";
		};
/* End PBXGroup section */

/* Begin PBXNativeTarget section */
		3EA55D8D1E77336A007DCD59 /* Memorable Places */ = {
			isa = PBXNativeTarget;
			buildConfigurationList = 3EA55DA01E77336A007DCD59 /* Build configuration list for PBXNativeTarget "Memorable Places" */;
			buildPhases = (
				3EA55D8A1E77336A007DCD59 /* Sources */,
				3EA55D8B1E77336A007DCD59 /* Frameworks */,
				3EA55D8C1E77336A007DCD59 /* Resources */,
			);
			buildRules = (
			);
			dependencies = (
			);
			name = "Memorable Places";
			productName = "Memorable Places";
			productReference = 3EA55D8E1E77336A007DCD59 /* Memorable Places.app */;
			productType = "com.apple.product-type.application";
		};
/* End PBXNativeTarget section */

/* Begin PBXProject section */
		3EA55D861E77336A007DCD59 /* Project object */ = {
			isa = PBXProject;
			attributes = {
				LastSwiftUpdateCheck = 0820;
				LastUpgradeCheck = 0820;
				ORGANIZATIONNAME = "Ramon's";
				TargetAttributes = {
					3EA55D8D1E77336A007DCD59 = {
						CreatedOnToolsVersion = 8.2;
						DevelopmentTeam = 37745FX292;
						ProvisioningStyle = Automatic;
					};
				};
			};
			buildConfigurationList = 3EA55D891E77336A007DCD59 /* Build configuration list for PBXProject "Memorable Places" */;
			compatibilityVersion = "Xcode 3.2";
			developmentRegion = English;
			hasScannedForEncodings = 0;
			knownRegions = (
				en,
				Base,
			);
			mainGroup = 3EA55D851E77336A007DCD59;
			productRefGroup = 3EA55D8F1E77336A007DCD59 /* Products */;
			projectDirPath = "";
			projectRoot = "";
			targets = (
				3EA55D8D1E77336A007DCD59 /* Memorable Places */,
			);
		};
/* End PBXProject section */

/* Begin PBXResourcesBuildPhase section */
		3EA55D8C1E77336A007DCD59 /* Resources */ = {
			isa = PBXResourcesBuildPhase;
			buildActionMask = 2147483647;
			files = (
				3EA55D9C1E77336A007DCD59 /* LaunchScreen.storyboard in Resources */,
				3EA55D991E77336A007DCD59 /* Assets.xcassets in Resources */,
				3EA55D971E77336A007DCD59 /* Main.storyboard in Resources */,
			);
			runOnlyForDeploymentPostprocessing = 0;
		};
/* End PBXResourcesBuildPhase section */

/* Begin PBXSourcesBuildPhase section */
		3EA55D8A1E77336A007DCD59 /* Sources */ = {
			isa = PBXSourcesBuildPhase;
			buildActionMask = 2147483647;
			files = (
				3EA55DA61E773664007DCD59 /* PlacesViewController.swift in Sources */,
				3EA55D941E77336A007DCD59 /* ViewController.swift in Sources */,
				3EA55D921E77336A007DCD59 /* AppDelegate.swift in Sources */,
			);
			runOnlyForDeploymentPostprocessing = 0;
		};
/* End PBXSourcesBuildPhase section */

/* Begin PBXVariantGroup section */
		3EA55D951E77336A007DCD59 /* Main.storyboard */ = {
			isa = PBXVariantGroup;
			children = (
				3EA55D961E77336A007DCD59 /* Base */,
			);
			name = Main.storyboard;
			sourceTree = "<group>";
		};
		3EA55D9A1E77336A007DCD59 /* LaunchScreen.storyboard */ = {
			isa = PBXVariantGroup;
			children = (
				3EA55D9B1E77336A007DCD59 /* Base */,
			);
			name = LaunchScreen.storyboard;
			sourceTree = "<group>";
		};
/* End PBXVariantGroup section */

/* Begin XCBuildConfiguration section */
		3EA55D9E1E77336A007DCD59 /* Debug */ = {
			isa = XCBuildConfiguration;
			buildSettings = {
				ALWAYS_SEARCH_USER_PATHS = NO;
				CLANG_ANALYZER_NONNULL = YES;
				CLANG_CXX_LANGUAGE_STANDARD = "gnu++0x";
				CLANG_CXX_LIBRARY = "libc++";
				CLANG_ENABLE_MODULES = YES;
				CLANG_ENABLE_OBJC_ARC = YES;
				CLANG_WARN_BOOL_CONVERSION = YES;
				CLANG_WARN_CONSTANT_CONVERSION = YES;
				CLANG_WARN_DIRECT_OBJC_ISA_USAGE = YES_ERROR;
				CLANG_WARN_DOCUMENTATION_COMMENTS = YES;
				CLANG_WARN_EMPTY_BODY = YES;
				CLANG_WARN_ENUM_CONVERSION = YES;
				CLANG_WARN_INFINITE_RECURSION = YES;
				CLANG_WARN_INT_CONVERSION = YES;
				CLANG_WARN_OBJC_ROOT_CLASS = YES_ERROR;
				CLANG_WARN_SUSPICIOUS_MOVE = YES;
				CLANG_WARN_UNREACHABLE_CODE = YES;
				CLANG_WARN__DUPLICATE_METHOD_MATCH = YES;
				"CODE_SIGN_IDENTITY[sdk=iphoneos*]" = "iPhone Developer";
				COPY_PHASE_STRIP = NO;
				DEBUG_INFORMATION_FORMAT = dwarf;
				ENABLE_STRICT_OBJC_MSGSEND = YES;
				ENABLE_TESTABILITY = YES;
				GCC_C_LANGUAGE_STANDARD = gnu99;
				GCC_DYNAMIC_NO_PIC = NO;
				GCC_NO_COMMON_BLOCKS = YES;
				GCC_OPTIMIZATION_LEVEL = 0;
				GCC_PREPROCESSOR_DEFINITIONS = (
					"DEBUG=1",
					"$(inherited)",
				);
				GCC_WARN_64_TO_32_BIT_CONVERSION = YES;
				GCC_WARN_ABOUT_RETURN_TYPE = YES_ERROR;
				GCC_WARN_UNDECLARED_SELECTOR = YES;
				GCC_WARN_UNINITIALIZED_AUTOS = YES_AGGRESSIVE;
				GCC_WARN_UNUSED_FUNCTION = YES;
				GCC_WARN_UNUSED_VARIABLE = YES;
				IPHONEOS_DEPLOYMENT_TARGET = 10.2;
				MTL_ENABLE_DEBUG_INFO = YES;
				ONLY_ACTIVE_ARCH = YES;
				SDKROOT = iphoneos;
				SWIFT_ACTIVE_COMPILATION_CONDITIONS = DEBUG;
				SWIFT_OPTIMIZATION_LEVEL = "-Onone";
				TARGETED_DEVICE_FAMILY = "1,2";
			};
			name = Debug;
		};
		3EA55D9F1E77336A007DCD59 /* Release */ = {
			isa = XCBuildConfiguration;
			buildSettings = {
				ALWAYS_SEARCH_USER_PATHS = NO;
				CLANG_ANALYZER_NONNULL = YES;
				CLANG_CXX_LANGUAGE_STANDARD = "gnu++0x";
				CLANG_CXX_LIBRARY = "libc++";
				CLANG_ENABLE_MODULES = YES;
				CLANG_ENABLE_OBJC_ARC = YES;
				CLANG_WARN_BOOL_CONVERSION = YES;
				CLANG_WARN_CONSTANT_CONVERSION = YES;
				CLANG_WARN_DIRECT_OBJC_ISA_USAGE = YES_ERROR;
				CLANG_WARN_DOCUMENTATION_COMMENTS = YES;
				CLANG_WARN_EMPTY_BODY = YES;
				CLANG_WARN_ENUM_CONVERSION = YES;
				CLANG_WARN_INFINITE_RECURSION = YES;
				CLANG_WARN_INT_CONVERSION = YES;
				CLANG_WARN_OBJC_ROOT_CLASS = YES_ERROR;
				CLANG_WARN_SUSPICIOUS_MOVE = YES;
				CLANG_WARN_UNREACHABLE_CODE = YES;
				CLANG_WARN__DUPLICATE_METHOD_MATCH = YES;
				"CODE_SIGN_IDENTITY[sdk=iphoneos*]" = "iPhone Developer";
				COPY_PHASE_STRIP = NO;
				DEBUG_INFORMATION_FORMAT = "dwarf-with-dsym";
				ENABLE_NS_ASSERTIONS = NO;
				ENABLE_STRICT_OBJC_MSGSEND = YES;
				GCC_C_LANGUAGE_STANDARD = gnu99;
				GCC_NO_COMMON_BLOCKS = YES;
				GCC_WARN_64_TO_32_BIT_CONVERSION = YES;
				GCC_WARN_ABOUT_RETURN_TYPE = YES_ERROR;
				GCC_WARN_UNDECLARED_SELECTOR = YES;
				GCC_WARN_UNINITIALIZED_AUTOS = YES_AGGRESSIVE;
				GCC_WARN_UNUSED_FUNCTION = YES;
				GCC_WARN_UNUSED_VARIABLE = YES;
				IPHONEOS_DEPLOYMENT_TARGET = 10.2;
				MTL_ENABLE_DEBUG_INFO = NO;
				SDKROOT = iphoneos;
				SWIFT_OPTIMIZATION_LEVEL = "-Owholemodule";
				TARGETED_DEVICE_FAMILY = "1,2";
				VALIDATE_PRODUCT = YES;
			};
			name = Release;
		};
		3EA55DA11E77336A007DCD59 /* Debug */ = {
			isa = XCBuildConfiguration;
			buildSettings = {
				ASSETCATALOG_COMPILER_APPICON_NAME = AppIcon;
				DEVELOPMENT_TEAM = 37745FX292;
				INFOPLIST_FILE = "Memorable Places/Info.plist";
				LD_RUNPATH_SEARCH_PATHS = "$(inherited) @executable_path/Frameworks";
				PRODUCT_BUNDLE_IDENTIFIER = "com.example.Memorable-Places";
				PRODUCT_NAME = "$(TARGET_NAME)";
				SWIFT_VERSION = 3.0;
			};
			name = Debug;
		};
		3EA55DA21E77336A007DCD59 /* Release */ = {
			isa = XCBuildConfiguration;
			buildSettings = {
				ASSETCATALOG_COMPILER_APPICON_NAME = AppIcon;
				DEVELOPMENT_TEAM = 37745FX292;
				INFOPLIST_FILE = "Memorable Places/Info.plist";
				LD_RUNPATH_SEARCH_PATHS = "$(inherited) @executable_path/Frameworks";
				PRODUCT_BUNDLE_IDENTIFIER = "com.example.Memorable-Places";
				PRODUCT_NAME = "$(TARGET_NAME)";
				SWIFT_VERSION = 3.0;
			};
			name = Release;
		};
/* End XCBuildConfiguration section */

/* Begin XCConfigurationList section */
		3EA55D891E77336A007DCD59 /* Build configuration list for PBXProject "Memorable Places" */ = {
			isa = XCConfigurationList;
			buildConfigurations = (
				3EA55D9E1E77336A007DCD59 /* Debug */,
				3EA55D9F1E77336A007DCD59 /* Release */,
			);
			defaultConfigurationIsVisible = 0;
			defaultConfigurationName = Release;
		};
		3EA55DA01E77336A007DCD59 /* Build configuration list for PBXNativeTarget "Memorable Places" */ = {
			isa = XCConfigurationList;
			buildConfigurations = (
				3EA55DA11E77336A007DCD59 /* Debug */,
				3EA55DA21E77336A007DCD59 /* Release */,
			);
			defaultConfigurationIsVisible = 0;
			defaultConfigurationName = Release;
		};
/* End XCConfigurationList section */
	};
	rootObject = 3EA55D861E77336A007DCD59 /* Project object */;
}
